// !$*UTF8*$!
{
	archiveVersion = 1;
	classes = {
	};
	objectVersion = 46;
	objects = {

/* Begin PBXBuildFile section */
		E824BE7D1A951F36007B89B0 /* next-button.png in Resources */ = {isa = PBXBuildFile; fileRef = E824BE7B1A951F36007B89B0 /* next-button.png */; };
		E824BE7E1A951F36007B89B0 /* per-button.png in Resources */ = {isa = PBXBuildFile; fileRef = E824BE7C1A951F36007B89B0 /* per-button.png */; };
		E8399AE21A90B61C009A9C80 /* hafez.txt in Resources */ = {isa = PBXBuildFile; fileRef = E8399AE11A90B61C009A9C80 /* hafez.txt */; };
		E8547D981A91F67400E71085 /* zendeginameh.txt in Resources */ = {isa = PBXBuildFile; fileRef = E8547D971A91F67400E71085 /* zendeginameh.txt */; };
		E855ADFA1A93184E00946EEB /* close.png in Resources */ = {isa = PBXBuildFile; fileRef = E855ADF11A93184E00946EEB /* close.png */; };
		E855ADFB1A93184E00946EEB /* font-minus.png in Resources */ = {isa = PBXBuildFile; fileRef = E855ADF21A93184E00946EEB /* font-minus.png */; };
		E855ADFC1A93184E00946EEB /* font-plus.png in Resources */ = {isa = PBXBuildFile; fileRef = E855ADF31A93184E00946EEB /* font-plus.png */; };
		E855ADFD1A93184E00946EEB /* go-num.png in Resources */ = {isa = PBXBuildFile; fileRef = E855ADF41A93184E00946EEB /* go-num.png */; };
		E855ADFE1A93184E00946EEB /* home.png in Resources */ = {isa = PBXBuildFile; fileRef = E855ADF51A93184E00946EEB /* home.png */; };
		E855ADFF1A93184E00946EEB /* like.png in Resources */ = {isa = PBXBuildFile; fileRef = E855ADF61A93184E00946EEB /* like.png */; };
		E855AE001A93184E00946EEB /* plus.png in Resources */ = {isa = PBXBuildFile; fileRef = E855ADF71A93184E00946EEB /* plus.png */; };
		E855AE011A93184E00946EEB /* search.png in Resources */ = {isa = PBXBuildFile; fileRef = E855ADF81A93184E00946EEB /* search.png */; };
		E855AE021A93184E00946EEB /* share.png in Resources */ = {isa = PBXBuildFile; fileRef = E855ADF91A93184E00946EEB /* share.png */; };
		E855AE071A931CA100946EEB /* liked.png in Resources */ = {isa = PBXBuildFile; fileRef = E855AE061A931CA100946EEB /* liked.png */; };
		E855AE091A9320FF00946EEB /* ghazal-num-back.png in Resources */ = {isa = PBXBuildFile; fileRef = E855AE081A9320FF00946EEB /* ghazal-num-back.png */; };
		E855AE0E1A93234500946EEB /* left.png in Resources */ = {isa = PBXBuildFile; fileRef = E855AE0C1A93234500946EEB /* left.png */; };
		E855AE0F1A93234500946EEB /* right.png in Resources */ = {isa = PBXBuildFile; fileRef = E855AE0D1A93234500946EEB /* right.png */; };
		E855AE131A932AEA00946EEB /* irsans.ttf in Resources */ = {isa = PBXBuildFile; fileRef = E855AE0A1A93212A00946EEB /* irsans.ttf */; };
		E855AE171A9331A300946EEB /* NSString+NSStringPlus.m in Sources */ = {isa = PBXBuildFile; fileRef = E855AE161A9331A300946EEB /* NSString+NSStringPlus.m */; };
		E855AE191A9334F000946EEB /* splash.jpg in Resources */ = {isa = PBXBuildFile; fileRef = E855AE181A9334F000946EEB /* splash.jpg */; };
		E855AE1B1A93355800946EEB /* up.png in Resources */ = {isa = PBXBuildFile; fileRef = E855AE1A1A93355800946EEB /* up.png */; };
		E855AE1D1A933A4400946EEB /* line.png in Resources */ = {isa = PBXBuildFile; fileRef = E855AE1C1A933A4400946EEB /* line.png */; };
		E855AE1F1A93522D00946EEB /* fall.jpg in Resources */ = {isa = PBXBuildFile; fileRef = E855AE1E1A93522D00946EEB /* fall.jpg */; };
		E855AE211A9354B700946EEB /* home.jpg in Resources */ = {isa = PBXBuildFile; fileRef = E855AE201A9354B700946EEB /* home.jpg */; };
		E855AE231A9354D500946EEB /* back2.png in Resources */ = {isa = PBXBuildFile; fileRef = E855AE221A9354D500946EEB /* back2.png */; };
		E855AE251A9354EE00946EEB /* go.png in Resources */ = {isa = PBXBuildFile; fileRef = E855AE241A9354EE00946EEB /* go.png */; };
		E855AE271A935F3000946EEB /* Images.xcassets in Resources */ = {isa = PBXBuildFile; fileRef = E855AE261A935F3000946EEB /* Images.xcassets */; };
		E8F873291A8A4428001C480C /* main.m in Sources */ = {isa = PBXBuildFile; fileRef = E8F873281A8A4428001C480C /* main.m */; };
		E8F8732C1A8A4428001C480C /* AppDelegate.m in Sources */ = {isa = PBXBuildFile; fileRef = E8F8732B1A8A4428001C480C /* AppDelegate.m */; };
		E8F8732F1A8A4428001C480C /* ViewController.m in Sources */ = {isa = PBXBuildFile; fileRef = E8F8732E1A8A4428001C480C /* ViewController.m */; };
		E8F873321A8A4428001C480C /* Main.storyboard in Resources */ = {isa = PBXBuildFile; fileRef = E8F873301A8A4428001C480C /* Main.storyboard */; };
		E8F873371A8A4428001C480C /* LaunchScreen.xib in Resources */ = {isa = PBXBuildFile; fileRef = E8F873351A8A4428001C480C /* LaunchScreen.xib */; };
		E8F873431A8A4428001C480C /* sahbaTests.m in Sources */ = {isa = PBXBuildFile; fileRef = E8F873421A8A4428001C480C /* sahbaTests.m */; };
		E8F8734D1A8A4861001C480C /* dib.jpg in Resources */ = {isa = PBXBuildFile; fileRef = E8F8734C1A8A4861001C480C /* dib.jpg */; };
		E8F8734F1A8A4869001C480C /* fav.jpg in Resources */ = {isa = PBXBuildFile; fileRef = E8F8734E1A8A4869001C480C /* fav.jpg */; };
		E8F873531A8A4877001C480C /* search.jpg in Resources */ = {isa = PBXBuildFile; fileRef = E8F873521A8A4877001C480C /* search.jpg */; };
		E8F873551A8A487E001C480C /* show.jpg in Resources */ = {isa = PBXBuildFile; fileRef = E8F873541A8A487E001C480C /* show.jpg */; };
		E8F8735C1A8A5802001C480C /* menu-key-back.jpg in Resources */ = {isa = PBXBuildFile; fileRef = E8F8735A1A8A5802001C480C /* menu-key-back.jpg */; };
		E8F8735D1A8A5802001C480C /* menu-logo.jpg in Resources */ = {isa = PBXBuildFile; fileRef = E8F8735B1A8A5802001C480C /* menu-logo.jpg */; };
/* End PBXBuildFile section */

/* Begin PBXContainerItemProxy section */
		E8F8733D1A8A4428001C480C /* PBXContainerItemProxy */ = {
			isa = PBXContainerItemProxy;
			containerPortal = E8F8731B1A8A4427001C480C /* Project object */;
			proxyType = 1;
			remoteGlobalIDString = E8F873221A8A4427001C480C;
			remoteInfo = sahba;
		};
/* End PBXContainerItemProxy section */

/* Begin PBXFileReference section */
		E824BE7B1A951F36007B89B0 /* next-button.png */ = {isa = PBXFileReference; lastKnownFileType = image.png; path = "next-button.png"; sourceTree = "<group>"; };
		E824BE7C1A951F36007B89B0 /* per-button.png */ = {isa = PBXFileReference; lastKnownFileType = image.png; path = "per-button.png"; sourceTree = "<group>"; };
		E8399AE11A90B61C009A9C80 /* hafez.txt */ = {isa = PBXFileReference; fileEncoding = 4; lastKnownFileType = text; path = hafez.txt; sourceTree = "<group>"; };
		E8547D971A91F67400E71085 /* zendeginameh.txt */ = {isa = PBXFileReference; fileEncoding = 4; lastKnownFileType = text; path = zendeginameh.txt; sourceTree = "<group>"; };
		E855ADF11A93184E00946EEB /* close.png */ = {isa = PBXFileReference; lastKnownFileType = image.png; path = close.png; sourceTree = "<group>"; };
		E855ADF21A93184E00946EEB /* font-minus.png */ = {isa = PBXFileReference; lastKnownFileType = image.png; path = "font-minus.png"; sourceTree = "<group>"; };
		E855ADF31A93184E00946EEB /* font-plus.png */ = {isa = PBXFileReference; lastKnownFileType = image.png; path = "font-plus.png"; sourceTree = "<group>"; };
		E855ADF41A93184E00946EEB /* go-num.png */ = {isa = PBXFileReference; lastKnownFileType = image.png; path = "go-num.png"; sourceTree = "<group>"; };
		E855ADF51A93184E00946EEB /* home.png */ = {isa = PBXFileReference; lastKnownFileType = image.png; path = home.png; sourceTree = "<group>"; };
		E855ADF61A93184E00946EEB /* like.png */ = {isa = PBXFileReference; lastKnownFileType = image.png; path = like.png; sourceTree = "<group>"; };
		E855ADF71A93184E00946EEB /* plus.png */ = {isa = PBXFileReference; lastKnownFileType = image.png; path = plus.png; sourceTree = "<group>"; };
		E855ADF81A93184E00946EEB /* search.png */ = {isa = PBXFileReference; lastKnownFileType = image.png; path = search.png; sourceTree = "<group>"; };
		E855ADF91A93184E00946EEB /* share.png */ = {isa = PBXFileReference; lastKnownFileType = image.png; path = share.png; sourceTree = "<group>"; };
		E855AE061A931CA100946EEB /* liked.png */ = {isa = PBXFileReference; lastKnownFileType = image.png; path = liked.png; sourceTree = "<group>"; };
		E855AE081A9320FF00946EEB /* ghazal-num-back.png */ = {isa = PBXFileReference; lastKnownFileType = image.png; path = "ghazal-num-back.png"; sourceTree = "<group>"; };
		E855AE0A1A93212A00946EEB /* irsans.ttf */ = {isa = PBXFileReference; lastKnownFileType = file; path = irsans.ttf; sourceTree = "<group>"; };
		E855AE0C1A93234500946EEB /* left.png */ = {isa = PBXFileReference; lastKnownFileType = image.png; path = left.png; sourceTree = "<group>"; };
		E855AE0D1A93234500946EEB /* right.png */ = {isa = PBXFileReference; lastKnownFileType = image.png; path = right.png; sourceTree = "<group>"; };
		E855AE151A9331A300946EEB /* NSString+NSStringPlus.h */ = {isa = PBXFileReference; fileEncoding = 4; lastKnownFileType = sourcecode.c.h; path = "NSString+NSStringPlus.h"; sourceTree = "<group>"; };
		E855AE161A9331A300946EEB /* NSString+NSStringPlus.m */ = {isa = PBXFileReference; fileEncoding = 4; lastKnownFileType = sourcecode.c.objc; path = "NSString+NSStringPlus.m"; sourceTree = "<group>"; };
		E855AE181A9334F000946EEB /* splash.jpg */ = {isa = PBXFileReference; lastKnownFileType = image.jpeg; path = splash.jpg; sourceTree = "<group>"; };
		E855AE1A1A93355800946EEB /* up.png */ = {isa = PBXFileReference; lastKnownFileType = image.png; path = up.png; sourceTree = "<group>"; };
		E855AE1C1A933A4400946EEB /* line.png */ = {isa = PBXFileReference; lastKnownFileType = image.png; path = line.png; sourceTree = "<group>"; };
		E855AE1E1A93522D00946EEB /* fall.jpg */ = {isa = PBXFileReference; lastKnownFileType = image.jpeg; path = fall.jpg; sourceTree = "<group>"; };
		E855AE201A9354B700946EEB /* home.jpg */ = {isa = PBXFileReference; lastKnownFileType = image.jpeg; path = home.jpg; sourceTree = "<group>"; };
		E855AE221A9354D500946EEB /* back2.png */ = {isa = PBXFileReference; lastKnownFileType = image.png; path = back2.png; sourceTree = "<group>"; };
		E855AE241A9354EE00946EEB /* go.png */ = {isa = PBXFileReference; lastKnownFileType = image.png; path = go.png; sourceTree = "<group>"; };
		E855AE261A935F3000946EEB /* Images.xcassets */ = {isa = PBXFileReference; lastKnownFileType = folder.assetcatalog; path = Images.xcassets; sourceTree = "<group>"; };
		E8F873231A8A4428001C480C /* sahba.app */ = {isa = PBXFileReference; explicitFileType = wrapper.application; includeInIndex = 0; path = sahba.app; sourceTree = BUILT_PRODUCTS_DIR; };
		E8F873271A8A4428001C480C /* Info.plist */ = {isa = PBXFileReference; lastKnownFileType = text.plist.xml; path = Info.plist; sourceTree = "<group>"; };
		E8F873281A8A4428001C480C /* main.m */ = {isa = PBXFileReference; lastKnownFileType = sourcecode.c.objc; path = main.m; sourceTree = "<group>"; };
		E8F8732A1A8A4428001C480C /* AppDelegate.h */ = {isa = PBXFileReference; lastKnownFileType = sourcecode.c.h; path = AppDelegate.h; sourceTree = "<group>"; };
		E8F8732B1A8A4428001C480C /* AppDelegate.m */ = {isa = PBXFileReference; lastKnownFileType = sourcecode.c.objc; path = AppDelegate.m; sourceTree = "<group>"; };
		E8F8732D1A8A4428001C480C /* ViewController.h */ = {isa = PBXFileReference; lastKnownFileType = sourcecode.c.h; path = ViewController.h; sourceTree = "<group>"; };
		E8F8732E1A8A4428001C480C /* ViewController.m */ = {isa = PBXFileReference; lastKnownFileType = sourcecode.c.objc; path = ViewController.m; sourceTree = "<group>"; };
		E8F873311A8A4428001C480C /* Base */ = {isa = PBXFileReference; lastKnownFileType = file.storyboard; name = Base; path = Base.lproj/Main.storyboard; sourceTree = "<group>"; };
		E8F873361A8A4428001C480C /* Base */ = {isa = PBXFileReference; lastKnownFileType = file.xib; name = Base; path = Base.lproj/LaunchScreen.xib; sourceTree = "<group>"; };
		E8F8733C1A8A4428001C480C /* sahbaTests.xctest */ = {isa = PBXFileReference; explicitFileType = wrapper.cfbundle; includeInIndex = 0; path = sahbaTests.xctest; sourceTree = BUILT_PRODUCTS_DIR; };
		E8F873411A8A4428001C480C /* Info.plist */ = {isa = PBXFileReference; lastKnownFileType = text.plist.xml; path = Info.plist; sourceTree = "<group>"; };
		E8F873421A8A4428001C480C /* sahbaTests.m */ = {isa = PBXFileReference; lastKnownFileType = sourcecode.c.objc; path = sahbaTests.m; sourceTree = "<group>"; };
		E8F8734C1A8A4861001C480C /* dib.jpg */ = {isa = PBXFileReference; lastKnownFileType = image.jpeg; path = dib.jpg; sourceTree = "<group>"; };
		E8F8734E1A8A4869001C480C /* fav.jpg */ = {isa = PBXFileReference; lastKnownFileType = image.jpeg; path = fav.jpg; sourceTree = "<group>"; };
		E8F873521A8A4877001C480C /* search.jpg */ = {isa = PBXFileReference; lastKnownFileType = image.jpeg; path = search.jpg; sourceTree = "<group>"; };
		E8F873541A8A487E001C480C /* show.jpg */ = {isa = PBXFileReference; lastKnownFileType = image.jpeg; path = show.jpg; sourceTree = "<group>"; };
		E8F8735A1A8A5802001C480C /* menu-key-back.jpg */ = {isa = PBXFileReference; lastKnownFileType = image.jpeg; path = "menu-key-back.jpg"; sourceTree = "<group>"; };
		E8F8735B1A8A5802001C480C /* menu-logo.jpg */ = {isa = PBXFileReference; lastKnownFileType = image.jpeg; path = "menu-logo.jpg"; sourceTree = "<group>"; };
/* End PBXFileReference section */

/* Begin PBXFrameworksBuildPhase section */
		E8F873201A8A4427001C480C /* Frameworks */ = {
			isa = PBXFrameworksBuildPhase;
			buildActionMask = 2147483647;
			files = (
			);
			runOnlyForDeploymentPostprocessing = 0;
		};
		E8F873391A8A4428001C480C /* Frameworks */ = {
			isa = PBXFrameworksBuildPhase;
			buildActionMask = 2147483647;
			files = (
			);
			runOnlyForDeploymentPostprocessing = 0;
		};
/* End PBXFrameworksBuildPhase section */

/* Begin PBXGroup section */
		E855AE031A93186600946EEB /* icon */ = {
			isa = PBXGroup;
			children = (
				E855AE241A9354EE00946EEB /* go.png */,
				E855AE221A9354D500946EEB /* back2.png */,
				E855AE1C1A933A4400946EEB /* line.png */,
				E855AE1A1A93355800946EEB /* up.png */,
				E855AE0C1A93234500946EEB /* left.png */,
				E855AE0D1A93234500946EEB /* right.png */,
				E855AE061A931CA100946EEB /* liked.png */,
				E855ADF11A93184E00946EEB /* close.png */,
				E855ADF21A93184E00946EEB /* font-minus.png */,
				E855ADF31A93184E00946EEB /* font-plus.png */,
				E855ADF41A93184E00946EEB /* go-num.png */,
				E855ADF51A93184E00946EEB /* home.png */,
				E855ADF61A93184E00946EEB /* like.png */,
				E855ADF71A93184E00946EEB /* plus.png */,
				E855ADF81A93184E00946EEB /* search.png */,
				E855ADF91A93184E00946EEB /* share.png */,
			);
			name = icon;
			sourceTree = "<group>";
		};
		E855AE041A9318BA00946EEB /* image */ = {
			isa = PBXGroup;
			children = (
				E824BE7B1A951F36007B89B0 /* next-button.png */,
				E824BE7C1A951F36007B89B0 /* per-button.png */,
				E855AE1E1A93522D00946EEB /* fall.jpg */,
				E855AE181A9334F000946EEB /* splash.jpg */,
				E855AE081A9320FF00946EEB /* ghazal-num-back.png */,
				E8F8735A1A8A5802001C480C /* menu-key-back.jpg */,
				E855AE201A9354B700946EEB /* home.jpg */,
				E8F8735B1A8A5802001C480C /* menu-logo.jpg */,
				E8F8734C1A8A4861001C480C /* dib.jpg */,
				E8F8734E1A8A4869001C480C /* fav.jpg */,
				E8F873521A8A4877001C480C /* search.jpg */,
				E8F873541A8A487E001C480C /* show.jpg */,
			);
			name = image;
			sourceTree = "<group>";
		};
		E855AE051A9318D800946EEB /* data */ = {
			isa = PBXGroup;
			children = (
				E8399AE11A90B61C009A9C80 /* hafez.txt */,
				E8547D971A91F67400E71085 /* zendeginameh.txt */,
			);
			name = data;
			sourceTree = "<group>";
		};
		E855AE0B1A93212F00946EEB /* fonts */ = {
			isa = PBXGroup;
			children = (
				E855AE0A1A93212A00946EEB /* irsans.ttf */,
			);
			name = fonts;
			sourceTree = "<group>";
		};
		E855AE141A93318400946EEB /* NSStirng Plus */ = {
			isa = PBXGroup;
			children = (
				E855AE151A9331A300946EEB /* NSString+NSStringPlus.h */,
				E855AE161A9331A300946EEB /* NSString+NSStringPlus.m */,
			);
			name = "NSStirng Plus";
			sourceTree = "<group>";
		};
		E8F8731A1A8A4427001C480C = {
			isa = PBXGroup;
			children = (
				E8F873251A8A4428001C480C /* sahba */,
				E8F8733F1A8A4428001C480C /* sahbaTests */,
				E8F873241A8A4428001C480C /* Products */,
			);
			sourceTree = "<group>";
		};
		E8F873241A8A4428001C480C /* Products */ = {
			isa = PBXGroup;
			children = (
				E8F873231A8A4428001C480C /* sahba.app */,
				E8F8733C1A8A4428001C480C /* sahbaTests.xctest */,
			);
			name = Products;
			sourceTree = "<group>";
		};
		E8F873251A8A4428001C480C /* sahba */ = {
			isa = PBXGroup;
			children = (
				E855AE141A93318400946EEB /* NSStirng Plus */,
				E855AE0B1A93212F00946EEB /* fonts */,
				E855AE051A9318D800946EEB /* data */,
				E855AE041A9318BA00946EEB /* image */,
				E855AE031A93186600946EEB /* icon */,
				E8F8732A1A8A4428001C480C /* AppDelegate.h */,
				E8F8732B1A8A4428001C480C /* AppDelegate.m */,
				E8F8732D1A8A4428001C480C /* ViewController.h */,
				E8F8732E1A8A4428001C480C /* ViewController.m */,
				E8F873301A8A4428001C480C /* Main.storyboard */,
				E8F873351A8A4428001C480C /* LaunchScreen.xib */,
				E855AE261A935F3000946EEB /* Images.xcassets */,
				E8F873261A8A4428001C480C /* Supporting Files */,
			);
			path = sahba;
			sourceTree = "<group>";
		};
		E8F873261A8A4428001C480C /* Supporting Files */ = {
			isa = PBXGroup;
			children = (
				E8F873271A8A4428001C480C /* Info.plist */,
				E8F873281A8A4428001C480C /* main.m */,
			);
			name = "Supporting Files";
			sourceTree = "<group>";
		};
		E8F8733F1A8A4428001C480C /* sahbaTests */ = {
			isa = PBXGroup;
			children = (
				E8F873421A8A4428001C480C /* sahbaTests.m */,
				E8F873401A8A4428001C480C /* Supporting Files */,
			);
			path = sahbaTests;
			sourceTree = "<group>";
		};
		E8F873401A8A4428001C480C /* Supporting Files */ = {
			isa = PBXGroup;
			children = (
				E8F873411A8A4428001C480C /* Info.plist */,
			);
			name = "Supporting Files";
			sourceTree = "<group>";
		};
/* End PBXGroup section */

/* Begin PBXNativeTarget section */
		E8F873221A8A4427001C480C /* sahba */ = {
			isa = PBXNativeTarget;
			buildConfigurationList = E8F873461A8A4428001C480C /* Build configuration list for PBXNativeTarget "sahba" */;
			buildPhases = (
				E8F8731F1A8A4427001C480C /* Sources */,
				E8F873201A8A4427001C480C /* Frameworks */,
				E8F873211A8A4427001C480C /* Resources */,
			);
			buildRules = (
			);
			dependencies = (
			);
			name = sahba;
			productName = sahba;
			productReference = E8F873231A8A4428001C480C /* sahba.app */;
			productType = "com.apple.product-type.application";
		};
		E8F8733B1A8A4428001C480C /* sahbaTests */ = {
			isa = PBXNativeTarget;
			buildConfigurationList = E8F873491A8A4428001C480C /* Build configuration list for PBXNativeTarget "sahbaTests" */;
			buildPhases = (
				E8F873381A8A4428001C480C /* Sources */,
				E8F873391A8A4428001C480C /* Frameworks */,
				E8F8733A1A8A4428001C480C /* Resources */,
			);
			buildRules = (
			);
			dependencies = (
				E8F8733E1A8A4428001C480C /* PBXTargetDependency */,
			);
			name = sahbaTests;
			productName = sahbaTests;
			productReference = E8F8733C1A8A4428001C480C /* sahbaTests.xctest */;
			productType = "com.apple.product-type.bundle.unit-test";
		};
/* End PBXNativeTarget section */

/* Begin PBXProject section */
		E8F8731B1A8A4427001C480C /* Project object */ = {
			isa = PBXProject;
			attributes = {
				LastUpgradeCheck = 0610;
				ORGANIZATIONNAME = "Reza Sazegarnezhad";
				TargetAttributes = {
					E8F873221A8A4427001C480C = {
						CreatedOnToolsVersion = 6.1.1;
					};
					E8F8733B1A8A4428001C480C = {
						CreatedOnToolsVersion = 6.1.1;
						TestTargetID = E8F873221A8A4427001C480C;
					};
				};
			};
			buildConfigurationList = E8F8731E1A8A4427001C480C /* Build configuration list for PBXProject "sahba" */;
			compatibilityVersion = "Xcode 3.2";
			developmentRegion = English;
			hasScannedForEncodings = 0;
			knownRegions = (
				en,
				Base,
			);
			mainGroup = E8F8731A1A8A4427001C480C;
			productRefGroup = E8F873241A8A4428001C480C /* Products */;
			projectDirPath = "";
			projectRoot = "";
			targets = (
				E8F873221A8A4427001C480C /* sahba */,
				E8F8733B1A8A4428001C480C /* sahbaTests */,
			);
		};
/* End PBXProject section */

/* Begin PBXResourcesBuildPhase section */
		E8F873211A8A4427001C480C /* Resources */ = {
			isa = PBXResourcesBuildPhase;
			buildActionMask = 2147483647;
			files = (
				E855AE131A932AEA00946EEB /* irsans.ttf in Resources */,
				E855AE271A935F3000946EEB /* Images.xcassets in Resources */,
				E855AE0F1A93234500946EEB /* right.png in Resources */,
				E8F873551A8A487E001C480C /* show.jpg in Resources */,
				E855ADFB1A93184E00946EEB /* font-minus.png in Resources */,
				E8F873321A8A4428001C480C /* Main.storyboard in Resources */,
				E8399AE21A90B61C009A9C80 /* hafez.txt in Resources */,
				E855ADFA1A93184E00946EEB /* close.png in Resources */,
				E855AE001A93184E00946EEB /* plus.png in Resources */,
				E855AE191A9334F000946EEB /* splash.jpg in Resources */,
				E8F8734F1A8A4869001C480C /* fav.jpg in Resources */,
				E855AE011A93184E00946EEB /* search.png in Resources */,
				E855AE1D1A933A4400946EEB /* line.png in Resources */,
				E855AE091A9320FF00946EEB /* ghazal-num-back.png in Resources */,
				E855ADFD1A93184E00946EEB /* go-num.png in Resources */,
				E8F8735D1A8A5802001C480C /* menu-logo.jpg in Resources */,
				E855AE251A9354EE00946EEB /* go.png in Resources */,
				E8F8734D1A8A4861001C480C /* dib.jpg in Resources */,
				E855AE211A9354B700946EEB /* home.jpg in Resources */,
				E855AE1F1A93522D00946EEB /* fall.jpg in Resources */,
				E8F873531A8A4877001C480C /* search.jpg in Resources */,
				E855AE021A93184E00946EEB /* share.png in Resources */,
				E855AE1B1A93355800946EEB /* up.png in Resources */,
				E855ADFE1A93184E00946EEB /* home.png in Resources */,
				E855ADFC1A93184E00946EEB /* font-plus.png in Resources */,
				E8F873371A8A4428001C480C /* LaunchScreen.xib in Resources */,
				E824BE7D1A951F36007B89B0 /* next-button.png in Resources */,
				E824BE7E1A951F36007B89B0 /* per-button.png in Resources */,
				E855AE231A9354D500946EEB /* back2.png in Resources */,
				E855AE071A931CA100946EEB /* liked.png in Resources */,
				E855ADFF1A93184E00946EEB /* like.png in Resources */,
				E855AE0E1A93234500946EEB /* left.png in Resources */,
				E8547D981A91F67400E71085 /* zendeginameh.txt in Resources */,
				E8F8735C1A8A5802001C480C /* menu-key-back.jpg in Resources */,
			);
			runOnlyForDeploymentPostprocessing = 0;
		};
		E8F8733A1A8A4428001C480C /* Resources */ = {
			isa = PBXResourcesBuildPhase;
			buildActionMask = 2147483647;
			files = (
			);
			runOnlyForDeploymentPostprocessing = 0;
		};
/* End PBXResourcesBuildPhase section */

/* Begin PBXSourcesBuildPhase section */
		E8F8731F1A8A4427001C480C /* Sources */ = {
			isa = PBXSourcesBuildPhase;
			buildActionMask = 2147483647;
			files = (
				E8F8732F1A8A4428001C480C /* ViewController.m in Sources */,
				E855AE171A9331A300946EEB /* NSString+NSStringPlus.m in Sources */,
				E8F8732C1A8A4428001C480C /* AppDelegate.m in Sources */,
				E8F873291A8A4428001C480C /* main.m in Sources */,
			);
			runOnlyForDeploymentPostprocessing = 0;
		};
		E8F873381A8A4428001C480C /* Sources */ = {
			isa = PBXSourcesBuildPhase;
			buildActionMask = 2147483647;
			files = (
				E8F873431A8A4428001C480C /* sahbaTests.m in Sources */,
			);
			runOnlyForDeploymentPostprocessing = 0;
		};
/* End PBXSourcesBuildPhase section */

/* Begin PBXTargetDependency section */
		E8F8733E1A8A4428001C480C /* PBXTargetDependency */ = {
			isa = PBXTargetDependency;
			target = E8F873221A8A4427001C480C /* sahba */;
			targetProxy = E8F8733D1A8A4428001C480C /* PBXContainerItemProxy */;
		};
/* End PBXTargetDependency section */

/* Begin PBXVariantGroup section */
		E8F873301A8A4428001C480C /* Main.storyboard */ = {
			isa = PBXVariantGroup;
			children = (
				E8F873311A8A4428001C480C /* Base */,
			);
			name = Main.storyboard;
			sourceTree = "<group>";
		};
		E8F873351A8A4428001C480C /* LaunchScreen.xib */ = {
			isa = PBXVariantGroup;
			children = (
				E8F873361A8A4428001C480C /* Base */,
			);
			name = LaunchScreen.xib;
			sourceTree = "<group>";
		};
/* End PBXVariantGroup section */

/* Begin XCBuildConfiguration section */
		E8F873441A8A4428001C480C /* Debug */ = {
			isa = XCBuildConfiguration;
			buildSettings = {
				ALWAYS_SEARCH_USER_PATHS = NO;
				CLANG_CXX_LANGUAGE_STANDARD = "gnu++0x";
				CLANG_CXX_LIBRARY = "libc++";
				CLANG_ENABLE_MODULES = YES;
				CLANG_ENABLE_OBJC_ARC = YES;
				CLANG_WARN_BOOL_CONVERSION = YES;
				CLANG_WARN_CONSTANT_CONVERSION = YES;
				CLANG_WARN_DIRECT_OBJC_ISA_USAGE = YES_ERROR;
				CLANG_WARN_EMPTY_BODY = YES;
				CLANG_WARN_ENUM_CONVERSION = YES;
				CLANG_WARN_INT_CONVERSION = YES;
				CLANG_WARN_OBJC_ROOT_CLASS = YES_ERROR;
				CLANG_WARN_UNREACHABLE_CODE = YES;
				CLANG_WARN__DUPLICATE_METHOD_MATCH = YES;
				"CODE_SIGN_IDENTITY[sdk=iphoneos*]" = "iPhone Developer";
				COPY_PHASE_STRIP = NO;
				ENABLE_STRICT_OBJC_MSGSEND = YES;
				GCC_C_LANGUAGE_STANDARD = gnu99;
				GCC_DYNAMIC_NO_PIC = NO;
				GCC_OPTIMIZATION_LEVEL = 0;
				GCC_PREPROCESSOR_DEFINITIONS = (
					"DEBUG=1",
					"$(inherited)",
				);
				GCC_SYMBOLS_PRIVATE_EXTERN = NO;
				GCC_WARN_64_TO_32_BIT_CONVERSION = YES;
				GCC_WARN_ABOUT_RETURN_TYPE = YES_ERROR;
				GCC_WARN_UNDECLARED_SELECTOR = YES;
				GCC_WARN_UNINITIALIZED_AUTOS = YES_AGGRESSIVE;
				GCC_WARN_UNUSED_FUNCTION = YES;
				GCC_WARN_UNUSED_VARIABLE = YES;
				IPHONEOS_DEPLOYMENT_TARGET = 8.1;
				MTL_ENABLE_DEBUG_INFO = YES;
				ONLY_ACTIVE_ARCH = YES;
				SDKROOT = iphoneos;
			};
			name = Debug;
		};
		E8F873451A8A4428001C480C /* Release */ = {
			isa = XCBuildConfiguration;
			buildSettings = {
				ALWAYS_SEARCH_USER_PATHS = NO;
				CLANG_CXX_LANGUAGE_STANDARD = "gnu++0x";
				CLANG_CXX_LIBRARY = "libc++";
				CLANG_ENABLE_MODULES = YES;
				CLANG_ENABLE_OBJC_ARC = YES;
				CLANG_WARN_BOOL_CONVERSION = YES;
				CLANG_WARN_CONSTANT_CONVERSION = YES;
				CLANG_WARN_DIRECT_OBJC_ISA_USAGE = YES_ERROR;
				CLANG_WARN_EMPTY_BODY = YES;
				CLANG_WARN_ENUM_CONVERSION = YES;
				CLANG_WARN_INT_CONVERSION = YES;
				CLANG_WARN_OBJC_ROOT_CLASS = YES_ERROR;
				CLANG_WARN_UNREACHABLE_CODE = YES;
				CLANG_WARN__DUPLICATE_METHOD_MATCH = YES;
				"CODE_SIGN_IDENTITY[sdk=iphoneos*]" = "iPhone Developer";
				COPY_PHASE_STRIP = YES;
				ENABLE_NS_ASSERTIONS = NO;
				ENABLE_STRICT_OBJC_MSGSEND = YES;
				GCC_C_LANGUAGE_STANDARD = gnu99;
				GCC_WARN_64_TO_32_BIT_CONVERSION = YES;
				GCC_WARN_ABOUT_RETURN_TYPE = YES_ERROR;
				GCC_WARN_UNDECLARED_SELECTOR = YES;
				GCC_WARN_UNINITIALIZED_AUTOS = YES_AGGRESSIVE;
				GCC_WARN_UNUSED_FUNCTION = YES;
				GCC_WARN_UNUSED_VARIABLE = YES;
				IPHONEOS_DEPLOYMENT_TARGET = 8.1;
				MTL_ENABLE_DEBUG_INFO = NO;
				SDKROOT = iphoneos;
				VALIDATE_PRODUCT = YES;
			};
			name = Release;
		};
		E8F873471A8A4428001C480C /* Debug */ = {
			isa = XCBuildConfiguration;
			buildSettings = {
				ASSETCATALOG_COMPILER_APPICON_NAME = icons;
				INFOPLIST_FILE = sahba/Info.plist;
				LD_RUNPATH_SEARCH_PATHS = "$(inherited) @executable_path/Frameworks";
				PRODUCT_NAME = "$(TARGET_NAME)";
			};
			name = Debug;
		};
		E8F873481A8A4428001C480C /* Release */ = {
			isa = XCBuildConfiguration;
			buildSettings = {
				ASSETCATALOG_COMPILER_APPICON_NAME = icons;
				INFOPLIST_FILE = sahba/Info.plist;
				LD_RUNPATH_SEARCH_PATHS = "$(inherited) @executable_path/Frameworks";
				PRODUCT_NAME = "$(TARGET_NAME)";
			};
			name = Release;
		};
		E8F8734A1A8A4428001C480C /* Debug */ = {
			isa = XCBuildConfiguration;
			buildSettings = {
				BUNDLE_LOADER = "$(TEST_HOST)";
				FRAMEWORK_SEARCH_PATHS = (
					"$(SDKROOT)/Developer/Library/Frameworks",
					"$(inherited)",
				);
				GCC_PREPROCESSOR_DEFINITIONS = (
					"DEBUG=1",
					"$(inherited)",
				);
				INFOPLIST_FILE = sahbaTests/Info.plist;
				LD_RUNPATH_SEARCH_PATHS = "$(inherited) @executable_path/Frameworks @loader_path/Frameworks";
				PRODUCT_NAME = "$(TARGET_NAME)";
				TEST_HOST = "$(BUILT_PRODUCTS_DIR)/sahba.app/sahba";
			};
			name = Debug;
		};
		E8F8734B1A8A4428001C480C /* Release */ = {
			isa = XCBuildConfiguration;
			buildSettings = {
				BUNDLE_LOADER = "$(TEST_HOST)";
				FRAMEWORK_SEARCH_PATHS = (
					"$(SDKROOT)/Developer/Library/Frameworks",
					"$(inherited)",
				);
				INFOPLIST_FILE = sahbaTests/Info.plist;
				LD_RUNPATH_SEARCH_PATHS = "$(inherited) @executable_path/Frameworks @loader_path/Frameworks";
				PRODUCT_NAME = "$(TARGET_NAME)";
				TEST_HOST = "$(BUILT_PRODUCTS_DIR)/sahba.app/sahba";
			};
			name = Release;
		};
/* End XCBuildConfiguration section */

/* Begin XCConfigurationList section */
		E8F8731E1A8A4427001C480C /* Build configuration list for PBXProject "sahba" */ = {
			isa = XCConfigurationList;
			buildConfigurations = (
				E8F873441A8A4428001C480C /* Debug */,
				E8F873451A8A4428001C480C /* Release */,
			);
			defaultConfigurationIsVisible = 0;
			defaultConfigurationName = Release;
		};
		E8F873461A8A4428001C480C /* Build configuration list for PBXNativeTarget "sahba" */ = {
			isa = XCConfigurationList;
			buildConfigurations = (
				E8F873471A8A4428001C480C /* Debug */,
				E8F873481A8A4428001C480C /* Release */,
			);
			defaultConfigurationIsVisible = 0;
			defaultConfigurationName = Release;
		};
		E8F873491A8A4428001C480C /* Build configuration list for PBXNativeTarget "sahbaTests" */ = {
			isa = XCConfigurationList;
			buildConfigurations = (
				E8F8734A1A8A4428001C480C /* Debug */,
				E8F8734B1A8A4428001C480C /* Release */,
			);
			defaultConfigurationIsVisible = 0;
			defaultConfigurationName = Release;
		};
/* End XCConfigurationList section */
	};
	rootObject = E8F8731B1A8A4427001C480C /* Project object */;
}
